// !$*UTF8*$!
{
	archiveVersion = 1;
	classes = {
	};
	objectVersion = 48;
	objects = {

/* Begin PBXBuildFile section */
		030179C820A09A65002800F8 /* MyPageViewController.swift in Sources */ = {isa = PBXBuildFile; fileRef = 030179C720A09A65002800F8 /* MyPageViewController.swift */; };
		030526C521E8AC9E00B57167 /* CustomFirstView.swift in Sources */ = {isa = PBXBuildFile; fileRef = 030526C421E8AC9E00B57167 /* CustomFirstView.swift */; };
		030526C721E8ACF100B57167 /* CustomFirstView.xib in Resources */ = {isa = PBXBuildFile; fileRef = 030526C621E8ACF100B57167 /* CustomFirstView.xib */; };
		030A56AB20B30D8D0021A693 /* GenderSelect.storyboard in Resources */ = {isa = PBXBuildFile; fileRef = 030A56AA20B30D8D0021A693 /* GenderSelect.storyboard */; };
		030A56AD20B30D990021A693 /* GenderSelectViewController.swift in Sources */ = {isa = PBXBuildFile; fileRef = 030A56AC20B30D990021A693 /* GenderSelectViewController.swift */; };
		030F88FB20DA5A9B009A0657 /* NotificationItem.swift in Sources */ = {isa = PBXBuildFile; fileRef = 030F88FA20DA5A9B009A0657 /* NotificationItem.swift */; };
		030F88FD20DA6207009A0657 /* Result.swift in Sources */ = {isa = PBXBuildFile; fileRef = 030F88FC20DA6207009A0657 /* Result.swift */; };
		030F88FF20DA7BC5009A0657 /* NotificationList.storyboard in Resources */ = {isa = PBXBuildFile; fileRef = 030F88FE20DA7BC5009A0657 /* NotificationList.storyboard */; };
		030F890120DA7BD3009A0657 /* NotificationListViewController.swift in Sources */ = {isa = PBXBuildFile; fileRef = 030F890020DA7BD3009A0657 /* NotificationListViewController.swift */; };
		030F890420DA80F6009A0657 /* NotificationTableViewCell.swift in Sources */ = {isa = PBXBuildFile; fileRef = 030F890220DA80F6009A0657 /* NotificationTableViewCell.swift */; };
		030F890520DA80F6009A0657 /* NotificationTableViewCell.xib in Resources */ = {isa = PBXBuildFile; fileRef = 030F890320DA80F6009A0657 /* NotificationTableViewCell.xib */; };
		030F890720DA8160009A0657 /* UITableView+Extension.swift in Sources */ = {isa = PBXBuildFile; fileRef = 030F890620DA8160009A0657 /* UITableView+Extension.swift */; };
		030F890920DAC676009A0657 /* Date+Extension.swift in Sources */ = {isa = PBXBuildFile; fileRef = 030F890820DAC676009A0657 /* Date+Extension.swift */; };
		030F890B20DB814D009A0657 /* ResultList.storyboard in Resources */ = {isa = PBXBuildFile; fileRef = 030F890A20DB814D009A0657 /* ResultList.storyboard */; };
		030F890D20DB816C009A0657 /* ResultListViewController.swift in Sources */ = {isa = PBXBuildFile; fileRef = 030F890C20DB816C009A0657 /* ResultListViewController.swift */; };
		030F891020DB8192009A0657 /* ResultTableViewCell.swift in Sources */ = {isa = PBXBuildFile; fileRef = 030F890E20DB8192009A0657 /* ResultTableViewCell.swift */; };
		030F891120DB8192009A0657 /* ResultTableViewCell.xib in Resources */ = {isa = PBXBuildFile; fileRef = 030F890F20DB8192009A0657 /* ResultTableViewCell.xib */; };
		03128C0E21CBD0AB00D6E225 /* CustomPage.xib in Resources */ = {isa = PBXBuildFile; fileRef = 03128C0821CBD0AB00D6E225 /* CustomPage.xib */; };
		03128C0F21CBD0AB00D6E225 /* Onboard.storyboard in Resources */ = {isa = PBXBuildFile; fileRef = 03128C0921CBD0AB00D6E225 /* Onboard.storyboard */; };
		03128C1021CBD0AB00D6E225 /* CustomPage.swift in Sources */ = {isa = PBXBuildFile; fileRef = 03128C0A21CBD0AB00D6E225 /* CustomPage.swift */; };
		03128C1121CBD0AB00D6E225 /* CustomOverlay.xib in Resources */ = {isa = PBXBuildFile; fileRef = 03128C0B21CBD0AB00D6E225 /* CustomOverlay.xib */; };
		03128C1221CBD0AB00D6E225 /* OnboardViewController.swift in Sources */ = {isa = PBXBuildFile; fileRef = 03128C0C21CBD0AB00D6E225 /* OnboardViewController.swift */; };
		03128C1321CBD0AB00D6E225 /* CustomOverlay.swift in Sources */ = {isa = PBXBuildFile; fileRef = 03128C0D21CBD0AB00D6E225 /* CustomOverlay.swift */; };
		031A956120D1562B008F88D5 /* RootViewController.swift in Sources */ = {isa = PBXBuildFile; fileRef = 031A956020D1562B008F88D5 /* RootViewController.swift */; };
		031A956320D16519008F88D5 /* SetProfileViewController.swift in Sources */ = {isa = PBXBuildFile; fileRef = 031A956220D16519008F88D5 /* SetProfileViewController.swift */; };
		031A956520D16537008F88D5 /* SetProfile.storyboard in Resources */ = {isa = PBXBuildFile; fileRef = 031A956420D16537008F88D5 /* SetProfile.storyboard */; };
		031A956720D16CD8008F88D5 /* Extention.swift in Sources */ = {isa = PBXBuildFile; fileRef = 031A956620D16CD8008F88D5 /* Extention.swift */; };
		031A956920D538E5008F88D5 /* UIImageView+Extension.swift in Sources */ = {isa = PBXBuildFile; fileRef = 031A956820D538E5008F88D5 /* UIImageView+Extension.swift */; };
		031BAE5521BD06AB00F508F2 /* Assets.xcassets in Resources */ = {isa = PBXBuildFile; fileRef = 031BAE5421BD06AB00F508F2 /* Assets.xcassets */; };
		031BAE5721BD27F600F508F2 /* scrach.m4a in Resources */ = {isa = PBXBuildFile; fileRef = 031BAE5621BD27F500F508F2 /* scrach.m4a */; };
		031BAE5921C0D68400F508F2 /* BirthdaySelect.storyboard in Resources */ = {isa = PBXBuildFile; fileRef = 031BAE5821C0D68400F508F2 /* BirthdaySelect.storyboard */; };
		031BAE5B21C0D69400F508F2 /* BirthdaySelectViewController.swift in Sources */ = {isa = PBXBuildFile; fileRef = 031BAE5A21C0D69400F508F2 /* BirthdaySelectViewController.swift */; };
		0366D9542152EF0900441C5F /* LoveUserList.storyboard in Resources */ = {isa = PBXBuildFile; fileRef = 0366D9532152EF0900441C5F /* LoveUserList.storyboard */; };
		0366D9562152EF2800441C5F /* LoveUserListViewController.swift in Sources */ = {isa = PBXBuildFile; fileRef = 0366D9552152EF2800441C5F /* LoveUserListViewController.swift */; };
		03782C5020B0D641006D68EB /* GoogleService-Info.plist in Resources */ = {isa = PBXBuildFile; fileRef = 03782C4F20B0D641006D68EB /* GoogleService-Info.plist */; };
		03782C5220B1A7D1006D68EB /* Splash.storyboard in Resources */ = {isa = PBXBuildFile; fileRef = 03782C5120B1A7D1006D68EB /* Splash.storyboard */; };
		03782C5420B1A80A006D68EB /* SplashViewController.swift in Sources */ = {isa = PBXBuildFile; fileRef = 03782C5320B1A809006D68EB /* SplashViewController.swift */; };
		037999C421542926007FA359 /* LovedUserCell.swift in Sources */ = {isa = PBXBuildFile; fileRef = 037999C221542926007FA359 /* LovedUserCell.swift */; };
		037999C521542926007FA359 /* LovedUserCell.xib in Resources */ = {isa = PBXBuildFile; fileRef = 037999C321542926007FA359 /* LovedUserCell.xib */; };
		038BCBD820AD4E2700F5BFD6 /* Array+Extention.swift in Sources */ = {isa = PBXBuildFile; fileRef = 038BCBD720AD4E2700F5BFD6 /* Array+Extention.swift */; };
		03B47100214FCD3F00F9B5CA /* MyPage.storyboard in Resources */ = {isa = PBXBuildFile; fileRef = 03B470FF214FCD3F00F9B5CA /* MyPage.storyboard */; };
		03B47102214FCD8300F9B5CA /* PrintFacePower.storyboard in Resources */ = {isa = PBXBuildFile; fileRef = 03B47101214FCD8300F9B5CA /* PrintFacePower.storyboard */; };
		03B47104214FD25D00F9B5CA /* Main.storyboard in Resources */ = {isa = PBXBuildFile; fileRef = 03B47103214FD25C00F9B5CA /* Main.storyboard */; };
		03F475A92059718800EB31FA /* Login.storyboard in Resources */ = {isa = PBXBuildFile; fileRef = 03F475A82059718800EB31FA /* Login.storyboard */; };
		03F475AB205971EE00EB31FA /* LoginViewController.swift in Sources */ = {isa = PBXBuildFile; fileRef = 03F475AA205971EE00EB31FA /* LoginViewController.swift */; };
		03F475AD205979D400EB31FA /* User.swift in Sources */ = {isa = PBXBuildFile; fileRef = 03F475AC205979D400EB31FA /* User.swift */; };
		03F475AF20597BC700EB31FA /* AccountManager.swift in Sources */ = {isa = PBXBuildFile; fileRef = 03F475AE20597BC700EB31FA /* AccountManager.swift */; };
		03F62A882039D79F004DBFB6 /* AppDelegate.swift in Sources */ = {isa = PBXBuildFile; fileRef = 03F62A872039D79F004DBFB6 /* AppDelegate.swift */; };
		03F62A8A2039D79F004DBFB6 /* ViewController.swift in Sources */ = {isa = PBXBuildFile; fileRef = 03F62A892039D79F004DBFB6 /* ViewController.swift */; };
		03F62A922039D79F004DBFB6 /* LaunchScreen.storyboard in Resources */ = {isa = PBXBuildFile; fileRef = 03F62A902039D79F004DBFB6 /* LaunchScreen.storyboard */; };
		03F62A9D2039D7A0004DBFB6 /* KaoSououTests.swift in Sources */ = {isa = PBXBuildFile; fileRef = 03F62A9C2039D7A0004DBFB6 /* KaoSououTests.swift */; };
		03F62AA82039D7A0004DBFB6 /* KaoSououUITests.swift in Sources */ = {isa = PBXBuildFile; fileRef = 03F62AA72039D7A0004DBFB6 /* KaoSououUITests.swift */; };
		03F62AB62039DAC5004DBFB6 /* humanCell.swift in Sources */ = {isa = PBXBuildFile; fileRef = 03F62AB52039DAC5004DBFB6 /* humanCell.swift */; };
		03F62AB82039DAF9004DBFB6 /* UICollectionView+Extension.swift in Sources */ = {isa = PBXBuildFile; fileRef = 03F62AB72039DAF9004DBFB6 /* UICollectionView+Extension.swift */; };
		03F62ABA2039DB34004DBFB6 /* NSObjectProtocol+Extension.swift in Sources */ = {isa = PBXBuildFile; fileRef = 03F62AB92039DB34004DBFB6 /* NSObjectProtocol+Extension.swift */; };
		03F62ABC203A046A004DBFB6 /* PrintFacePowerViewController.swift in Sources */ = {isa = PBXBuildFile; fileRef = 03F62ABB203A046A004DBFB6 /* PrintFacePowerViewController.swift */; };
		19B0643DD7D1190F45FFB037 /* Pods_KaoSououUITests.framework in Frameworks */ = {isa = PBXBuildFile; fileRef = 0732268A3DA0AC913C8FF949 /* Pods_KaoSououUITests.framework */; };
		25F55499384C645E3A3DA10F /* Pods_KaoSououTests.framework in Frameworks */ = {isa = PBXBuildFile; fileRef = AAE4E3FA6F72DA14C5437229 /* Pods_KaoSououTests.framework */; };
		E71FC49DCBE9E269199442B5 /* Pods_KaoSouou.framework in Frameworks */ = {isa = PBXBuildFile; fileRef = 3502EABC7AAF83490A8B7BF1 /* Pods_KaoSouou.framework */; };
/* End PBXBuildFile section */

/* Begin PBXContainerItemProxy section */
		03F62A992039D7A0004DBFB6 /* PBXContainerItemProxy */ = {
			isa = PBXContainerItemProxy;
			containerPortal = 03F62A7C2039D79F004DBFB6 /* Project object */;
			proxyType = 1;
			remoteGlobalIDString = 03F62A832039D79F004DBFB6;
			remoteInfo = KaoSouou;
		};
		03F62AA42039D7A0004DBFB6 /* PBXContainerItemProxy */ = {
			isa = PBXContainerItemProxy;
			containerPortal = 03F62A7C2039D79F004DBFB6 /* Project object */;
			proxyType = 1;
			remoteGlobalIDString = 03F62A832039D79F004DBFB6;
			remoteInfo = KaoSouou;
		};
/* End PBXContainerItemProxy section */

/* Begin PBXFileReference section */
		030179C720A09A65002800F8 /* MyPageViewController.swift */ = {isa = PBXFileReference; lastKnownFileType = sourcecode.swift; path = MyPageViewController.swift; sourceTree = "<group>"; };
		030526C421E8AC9E00B57167 /* CustomFirstView.swift */ = {isa = PBXFileReference; lastKnownFileType = sourcecode.swift; path = CustomFirstView.swift; sourceTree = "<group>"; };
		030526C621E8ACF100B57167 /* CustomFirstView.xib */ = {isa = PBXFileReference; lastKnownFileType = file.xib; path = CustomFirstView.xib; sourceTree = "<group>"; };
		030A56AA20B30D8D0021A693 /* GenderSelect.storyboard */ = {isa = PBXFileReference; lastKnownFileType = file.storyboard; path = GenderSelect.storyboard; sourceTree = "<group>"; };
		030A56AC20B30D990021A693 /* GenderSelectViewController.swift */ = {isa = PBXFileReference; lastKnownFileType = sourcecode.swift; path = GenderSelectViewController.swift; sourceTree = "<group>"; };
		030F88FA20DA5A9B009A0657 /* NotificationItem.swift */ = {isa = PBXFileReference; lastKnownFileType = sourcecode.swift; path = NotificationItem.swift; sourceTree = "<group>"; };
		030F88FC20DA6207009A0657 /* Result.swift */ = {isa = PBXFileReference; lastKnownFileType = sourcecode.swift; path = Result.swift; sourceTree = "<group>"; };
		030F88FE20DA7BC5009A0657 /* NotificationList.storyboard */ = {isa = PBXFileReference; lastKnownFileType = file.storyboard; path = NotificationList.storyboard; sourceTree = "<group>"; };
		030F890020DA7BD3009A0657 /* NotificationListViewController.swift */ = {isa = PBXFileReference; lastKnownFileType = sourcecode.swift; path = NotificationListViewController.swift; sourceTree = "<group>"; };
		030F890220DA80F6009A0657 /* NotificationTableViewCell.swift */ = {isa = PBXFileReference; lastKnownFileType = sourcecode.swift; path = NotificationTableViewCell.swift; sourceTree = "<group>"; };
		030F890320DA80F6009A0657 /* NotificationTableViewCell.xib */ = {isa = PBXFileReference; lastKnownFileType = file.xib; path = NotificationTableViewCell.xib; sourceTree = "<group>"; };
		030F890620DA8160009A0657 /* UITableView+Extension.swift */ = {isa = PBXFileReference; lastKnownFileType = sourcecode.swift; path = "UITableView+Extension.swift"; sourceTree = "<group>"; };
		030F890820DAC676009A0657 /* Date+Extension.swift */ = {isa = PBXFileReference; lastKnownFileType = sourcecode.swift; path = "Date+Extension.swift"; sourceTree = "<group>"; };
		030F890A20DB814D009A0657 /* ResultList.storyboard */ = {isa = PBXFileReference; lastKnownFileType = file.storyboard; path = ResultList.storyboard; sourceTree = "<group>"; };
		030F890C20DB816C009A0657 /* ResultListViewController.swift */ = {isa = PBXFileReference; lastKnownFileType = sourcecode.swift; path = ResultListViewController.swift; sourceTree = "<group>"; };
		030F890E20DB8192009A0657 /* ResultTableViewCell.swift */ = {isa = PBXFileReference; lastKnownFileType = sourcecode.swift; path = ResultTableViewCell.swift; sourceTree = "<group>"; };
		030F890F20DB8192009A0657 /* ResultTableViewCell.xib */ = {isa = PBXFileReference; lastKnownFileType = file.xib; path = ResultTableViewCell.xib; sourceTree = "<group>"; };
		030F891220DD127F009A0657 /* KaoSouou.entitlements */ = {isa = PBXFileReference; lastKnownFileType = text.plist.entitlements; path = KaoSouou.entitlements; sourceTree = "<group>"; };
		03128C0821CBD0AB00D6E225 /* CustomPage.xib */ = {isa = PBXFileReference; fileEncoding = 4; lastKnownFileType = file.xib; name = CustomPage.xib; path = KaoSouou/On/CustomPage.xib; sourceTree = SOURCE_ROOT; };
		03128C0921CBD0AB00D6E225 /* Onboard.storyboard */ = {isa = PBXFileReference; fileEncoding = 4; lastKnownFileType = file.storyboard; name = Onboard.storyboard; path = KaoSouou/On/Onboard.storyboard; sourceTree = SOURCE_ROOT; };
		03128C0A21CBD0AB00D6E225 /* CustomPage.swift */ = {isa = PBXFileReference; fileEncoding = 4; lastKnownFileType = sourcecode.swift; name = CustomPage.swift; path = KaoSouou/On/CustomPage.swift; sourceTree = SOURCE_ROOT; };
		03128C0B21CBD0AB00D6E225 /* CustomOverlay.xib */ = {isa = PBXFileReference; fileEncoding = 4; lastKnownFileType = file.xib; name = CustomOverlay.xib; path = KaoSouou/On/CustomOverlay.xib; sourceTree = SOURCE_ROOT; };
		03128C0C21CBD0AB00D6E225 /* OnboardViewController.swift */ = {isa = PBXFileReference; fileEncoding = 4; lastKnownFileType = sourcecode.swift; name = OnboardViewController.swift; path = KaoSouou/On/OnboardViewController.swift; sourceTree = SOURCE_ROOT; };
		03128C0D21CBD0AB00D6E225 /* CustomOverlay.swift */ = {isa = PBXFileReference; fileEncoding = 4; lastKnownFileType = sourcecode.swift; name = CustomOverlay.swift; path = KaoSouou/On/CustomOverlay.swift; sourceTree = SOURCE_ROOT; };
		031A956020D1562B008F88D5 /* RootViewController.swift */ = {isa = PBXFileReference; lastKnownFileType = sourcecode.swift; path = RootViewController.swift; sourceTree = "<group>"; };
		031A956220D16519008F88D5 /* SetProfileViewController.swift */ = {isa = PBXFileReference; lastKnownFileType = sourcecode.swift; path = SetProfileViewController.swift; sourceTree = "<group>"; };
		031A956420D16537008F88D5 /* SetProfile.storyboard */ = {isa = PBXFileReference; lastKnownFileType = file.storyboard; path = SetProfile.storyboard; sourceTree = "<group>"; };
		031A956620D16CD8008F88D5 /* Extention.swift */ = {isa = PBXFileReference; lastKnownFileType = sourcecode.swift; path = Extention.swift; sourceTree = "<group>"; };
		031A956820D538E5008F88D5 /* UIImageView+Extension.swift */ = {isa = PBXFileReference; lastKnownFileType = sourcecode.swift; path = "UIImageView+Extension.swift"; sourceTree = "<group>"; };
		031BAE5421BD06AB00F508F2 /* Assets.xcassets */ = {isa = PBXFileReference; lastKnownFileType = folder.assetcatalog; path = Assets.xcassets; sourceTree = "<group>"; };
		031BAE5621BD27F500F508F2 /* scrach.m4a */ = {isa = PBXFileReference; lastKnownFileType = file; path = scrach.m4a; sourceTree = "<group>"; };
		031BAE5821C0D68400F508F2 /* BirthdaySelect.storyboard */ = {isa = PBXFileReference; lastKnownFileType = file.storyboard; path = BirthdaySelect.storyboard; sourceTree = "<group>"; };
		031BAE5A21C0D69400F508F2 /* BirthdaySelectViewController.swift */ = {isa = PBXFileReference; lastKnownFileType = sourcecode.swift; path = BirthdaySelectViewController.swift; sourceTree = "<group>"; };
		0366D9532152EF0900441C5F /* LoveUserList.storyboard */ = {isa = PBXFileReference; lastKnownFileType = file.storyboard; path = LoveUserList.storyboard; sourceTree = "<group>"; };
		0366D9552152EF2800441C5F /* LoveUserListViewController.swift */ = {isa = PBXFileReference; lastKnownFileType = sourcecode.swift; path = LoveUserListViewController.swift; sourceTree = "<group>"; };
		03782C4F20B0D641006D68EB /* GoogleService-Info.plist */ = {isa = PBXFileReference; fileEncoding = 4; lastKnownFileType = text.plist.xml; path = "GoogleService-Info.plist"; sourceTree = "<group>"; };
		03782C5120B1A7D1006D68EB /* Splash.storyboard */ = {isa = PBXFileReference; lastKnownFileType = file.storyboard; path = Splash.storyboard; sourceTree = "<group>"; };
		03782C5320B1A809006D68EB /* SplashViewController.swift */ = {isa = PBXFileReference; lastKnownFileType = sourcecode.swift; path = SplashViewController.swift; sourceTree = "<group>"; };
		037999C221542926007FA359 /* LovedUserCell.swift */ = {isa = PBXFileReference; lastKnownFileType = sourcecode.swift; path = LovedUserCell.swift; sourceTree = "<group>"; };
		037999C321542926007FA359 /* LovedUserCell.xib */ = {isa = PBXFileReference; lastKnownFileType = file.xib; path = LovedUserCell.xib; sourceTree = "<group>"; };
		038AD143E5C7FEAB52D8BC19 /* Pods-KaoSououTests.debug.xcconfig */ = {isa = PBXFileReference; includeInIndex = 1; lastKnownFileType = text.xcconfig; name = "Pods-KaoSououTests.debug.xcconfig"; path = "Pods/Target Support Files/Pods-KaoSououTests/Pods-KaoSououTests.debug.xcconfig"; sourceTree = "<group>"; };
		038BCBD720AD4E2700F5BFD6 /* Array+Extention.swift */ = {isa = PBXFileReference; lastKnownFileType = sourcecode.swift; path = "Array+Extention.swift"; sourceTree = "<group>"; };
		03B470FF214FCD3F00F9B5CA /* MyPage.storyboard */ = {isa = PBXFileReference; lastKnownFileType = file.storyboard; path = MyPage.storyboard; sourceTree = "<group>"; };
		03B47101214FCD8300F9B5CA /* PrintFacePower.storyboard */ = {isa = PBXFileReference; lastKnownFileType = file.storyboard; path = PrintFacePower.storyboard; sourceTree = "<group>"; };
		03B47103214FD25C00F9B5CA /* Main.storyboard */ = {isa = PBXFileReference; fileEncoding = 4; lastKnownFileType = file.storyboard; path = Main.storyboard; sourceTree = "<group>"; };
		03F475A82059718800EB31FA /* Login.storyboard */ = {isa = PBXFileReference; fileEncoding = 4; lastKnownFileType = file.storyboard; name = Login.storyboard; path = KaoSouou/TOP/Login.storyboard; sourceTree = SOURCE_ROOT; };
		03F475AA205971EE00EB31FA /* LoginViewController.swift */ = {isa = PBXFileReference; lastKnownFileType = sourcecode.swift; path = LoginViewController.swift; sourceTree = "<group>"; };
		03F475AC205979D400EB31FA /* User.swift */ = {isa = PBXFileReference; lastKnownFileType = sourcecode.swift; path = User.swift; sourceTree = "<group>"; };
		03F475AE20597BC700EB31FA /* AccountManager.swift */ = {isa = PBXFileReference; lastKnownFileType = sourcecode.swift; path = AccountManager.swift; sourceTree = "<group>"; };
		03F62A842039D79F004DBFB6 /* KaoSouou.app */ = {isa = PBXFileReference; explicitFileType = wrapper.application; includeInIndex = 0; path = KaoSouou.app; sourceTree = BUILT_PRODUCTS_DIR; };
		03F62A872039D79F004DBFB6 /* AppDelegate.swift */ = {isa = PBXFileReference; lastKnownFileType = sourcecode.swift; path = AppDelegate.swift; sourceTree = "<group>"; };
		03F62A892039D79F004DBFB6 /* ViewController.swift */ = {isa = PBXFileReference; lastKnownFileType = sourcecode.swift; path = ViewController.swift; sourceTree = "<group>"; };
		03F62A912039D79F004DBFB6 /* Base */ = {isa = PBXFileReference; lastKnownFileType = file.storyboard; name = Base; path = Base.lproj/LaunchScreen.storyboard; sourceTree = "<group>"; };
		03F62A932039D79F004DBFB6 /* Info.plist */ = {isa = PBXFileReference; lastKnownFileType = text.plist.xml; path = Info.plist; sourceTree = "<group>"; };
		03F62A982039D7A0004DBFB6 /* KaoSououTests.xctest */ = {isa = PBXFileReference; explicitFileType = wrapper.cfbundle; includeInIndex = 0; path = KaoSououTests.xctest; sourceTree = BUILT_PRODUCTS_DIR; };
		03F62A9C2039D7A0004DBFB6 /* KaoSououTests.swift */ = {isa = PBXFileReference; lastKnownFileType = sourcecode.swift; path = KaoSououTests.swift; sourceTree = "<group>"; };
		03F62A9E2039D7A0004DBFB6 /* Info.plist */ = {isa = PBXFileReference; lastKnownFileType = text.plist.xml; path = Info.plist; sourceTree = "<group>"; };
		03F62AA32039D7A0004DBFB6 /* KaoSououUITests.xctest */ = {isa = PBXFileReference; explicitFileType = wrapper.cfbundle; includeInIndex = 0; path = KaoSououUITests.xctest; sourceTree = BUILT_PRODUCTS_DIR; };
		03F62AA72039D7A0004DBFB6 /* KaoSououUITests.swift */ = {isa = PBXFileReference; lastKnownFileType = sourcecode.swift; path = KaoSououUITests.swift; sourceTree = "<group>"; };
		03F62AA92039D7A0004DBFB6 /* Info.plist */ = {isa = PBXFileReference; lastKnownFileType = text.plist.xml; path = Info.plist; sourceTree = "<group>"; };
		03F62AB52039DAC5004DBFB6 /* humanCell.swift */ = {isa = PBXFileReference; lastKnownFileType = sourcecode.swift; path = humanCell.swift; sourceTree = "<group>"; };
		03F62AB72039DAF9004DBFB6 /* UICollectionView+Extension.swift */ = {isa = PBXFileReference; lastKnownFileType = sourcecode.swift; path = "UICollectionView+Extension.swift"; sourceTree = "<group>"; };
		03F62AB92039DB34004DBFB6 /* NSObjectProtocol+Extension.swift */ = {isa = PBXFileReference; lastKnownFileType = sourcecode.swift; path = "NSObjectProtocol+Extension.swift"; sourceTree = "<group>"; };
		03F62ABB203A046A004DBFB6 /* PrintFacePowerViewController.swift */ = {isa = PBXFileReference; lastKnownFileType = sourcecode.swift; path = PrintFacePowerViewController.swift; sourceTree = "<group>"; };
		0732268A3DA0AC913C8FF949 /* Pods_KaoSououUITests.framework */ = {isa = PBXFileReference; explicitFileType = wrapper.framework; includeInIndex = 0; path = Pods_KaoSououUITests.framework; sourceTree = BUILT_PRODUCTS_DIR; };
		3502EABC7AAF83490A8B7BF1 /* Pods_KaoSouou.framework */ = {isa = PBXFileReference; explicitFileType = wrapper.framework; includeInIndex = 0; path = Pods_KaoSouou.framework; sourceTree = BUILT_PRODUCTS_DIR; };
		4BF5E933EF9994F381348326 /* Pods-KaoSououUITests.release.xcconfig */ = {isa = PBXFileReference; includeInIndex = 1; lastKnownFileType = text.xcconfig; name = "Pods-KaoSououUITests.release.xcconfig"; path = "Pods/Target Support Files/Pods-KaoSououUITests/Pods-KaoSououUITests.release.xcconfig"; sourceTree = "<group>"; };
		60325CDA5FDACCA3362DD252 /* Pods-KaoSououTests.release.xcconfig */ = {isa = PBXFileReference; includeInIndex = 1; lastKnownFileType = text.xcconfig; name = "Pods-KaoSououTests.release.xcconfig"; path = "Pods/Target Support Files/Pods-KaoSououTests/Pods-KaoSououTests.release.xcconfig"; sourceTree = "<group>"; };
		6C63D11C4CCFB3A4997540E5 /* Pods-KaoSouou.release.xcconfig */ = {isa = PBXFileReference; includeInIndex = 1; lastKnownFileType = text.xcconfig; name = "Pods-KaoSouou.release.xcconfig"; path = "Pods/Target Support Files/Pods-KaoSouou/Pods-KaoSouou.release.xcconfig"; sourceTree = "<group>"; };
		730AE9DB94C9EFC4980F4E3D /* Pods-KaoSououUITests.debug.xcconfig */ = {isa = PBXFileReference; includeInIndex = 1; lastKnownFileType = text.xcconfig; name = "Pods-KaoSououUITests.debug.xcconfig"; path = "Pods/Target Support Files/Pods-KaoSououUITests/Pods-KaoSououUITests.debug.xcconfig"; sourceTree = "<group>"; };
		98736BC01AF95C42515CDC03 /* Pods-KaoSouou.debug.xcconfig */ = {isa = PBXFileReference; includeInIndex = 1; lastKnownFileType = text.xcconfig; name = "Pods-KaoSouou.debug.xcconfig"; path = "Pods/Target Support Files/Pods-KaoSouou/Pods-KaoSouou.debug.xcconfig"; sourceTree = "<group>"; };
		AAE4E3FA6F72DA14C5437229 /* Pods_KaoSououTests.framework */ = {isa = PBXFileReference; explicitFileType = wrapper.framework; includeInIndex = 0; path = Pods_KaoSououTests.framework; sourceTree = BUILT_PRODUCTS_DIR; };
/* End PBXFileReference section */

/* Begin PBXFrameworksBuildPhase section */
		03F62A812039D79F004DBFB6 /* Frameworks */ = {
			isa = PBXFrameworksBuildPhase;
			buildActionMask = 2147483647;
			files = (
				E71FC49DCBE9E269199442B5 /* Pods_KaoSouou.framework in Frameworks */,
			);
			runOnlyForDeploymentPostprocessing = 0;
		};
		03F62A952039D7A0004DBFB6 /* Frameworks */ = {
			isa = PBXFrameworksBuildPhase;
			buildActionMask = 2147483647;
			files = (
				25F55499384C645E3A3DA10F /* Pods_KaoSououTests.framework in Frameworks */,
			);
			runOnlyForDeploymentPostprocessing = 0;
		};
		03F62AA02039D7A0004DBFB6 /* Frameworks */ = {
			isa = PBXFrameworksBuildPhase;
			buildActionMask = 2147483647;
			files = (
				19B0643DD7D1190F45FFB037 /* Pods_KaoSououUITests.framework in Frameworks */,
			);
			runOnlyForDeploymentPostprocessing = 0;
		};
/* End PBXFrameworksBuildPhase section */

/* Begin PBXGroup section */
		0360257A21D6B3E100D493F2 /* Onboard */ = {
			isa = PBXGroup;
			children = (
				03128C0D21CBD0AB00D6E225 /* CustomOverlay.swift */,
				03128C0B21CBD0AB00D6E225 /* CustomOverlay.xib */,
				03128C0A21CBD0AB00D6E225 /* CustomPage.swift */,
				03128C0821CBD0AB00D6E225 /* CustomPage.xib */,
				030526C421E8AC9E00B57167 /* CustomFirstView.swift */,
				030526C621E8ACF100B57167 /* CustomFirstView.xib */,
				03128C0C21CBD0AB00D6E225 /* OnboardViewController.swift */,
				03128C0921CBD0AB00D6E225 /* Onboard.storyboard */,
			);
			name = Onboard;
			path = On;
			sourceTree = "<group>";
		};
		038BCBD220AD483700F5BFD6 /* TOP */ = {
			isa = PBXGroup;
			children = (
				03F475A82059718800EB31FA /* Login.storyboard */,
				03F475AA205971EE00EB31FA /* LoginViewController.swift */,
				030A56AA20B30D8D0021A693 /* GenderSelect.storyboard */,
				030A56AC20B30D990021A693 /* GenderSelectViewController.swift */,
				031BAE5821C0D68400F508F2 /* BirthdaySelect.storyboard */,
				031BAE5A21C0D69400F508F2 /* BirthdaySelectViewController.swift */,
				031A956420D16537008F88D5 /* SetProfile.storyboard */,
				031A956220D16519008F88D5 /* SetProfileViewController.swift */,
				03782C5120B1A7D1006D68EB /* Splash.storyboard */,
				03782C5320B1A809006D68EB /* SplashViewController.swift */,
				031A956020D1562B008F88D5 /* RootViewController.swift */,
			);
			path = TOP;
			sourceTree = "<group>";
		};
		038BCBD320AD484800F5BFD6 /* Mypage */ = {
			isa = PBXGroup;
			children = (
				03B470FF214FCD3F00F9B5CA /* MyPage.storyboard */,
				030179C720A09A65002800F8 /* MyPageViewController.swift */,
				030F88FE20DA7BC5009A0657 /* NotificationList.storyboard */,
				030F890020DA7BD3009A0657 /* NotificationListViewController.swift */,
				030F890320DA80F6009A0657 /* NotificationTableViewCell.xib */,
				030F890220DA80F6009A0657 /* NotificationTableViewCell.swift */,
				030F890A20DB814D009A0657 /* ResultList.storyboard */,
				030F890C20DB816C009A0657 /* ResultListViewController.swift */,
				030F890E20DB8192009A0657 /* ResultTableViewCell.swift */,
				030F890F20DB8192009A0657 /* ResultTableViewCell.xib */,
				0366D9552152EF2800441C5F /* LoveUserListViewController.swift */,
				0366D9532152EF0900441C5F /* LoveUserList.storyboard */,
				037999C221542926007FA359 /* LovedUserCell.swift */,
				037999C321542926007FA359 /* LovedUserCell.xib */,
			);
			path = Mypage;
			sourceTree = "<group>";
		};
		038BCBD420AD486900F5BFD6 /* Extention */ = {
			isa = PBXGroup;
			children = (
				031A956620D16CD8008F88D5 /* Extention.swift */,
				03F62AB72039DAF9004DBFB6 /* UICollectionView+Extension.swift */,
				030F890620DA8160009A0657 /* UITableView+Extension.swift */,
				030F890820DAC676009A0657 /* Date+Extension.swift */,
				031A956820D538E5008F88D5 /* UIImageView+Extension.swift */,
				03F62AB92039DB34004DBFB6 /* NSObjectProtocol+Extension.swift */,
				038BCBD720AD4E2700F5BFD6 /* Array+Extention.swift */,
			);
			path = Extention;
			sourceTree = "<group>";
		};
		038BCBD520AD488600F5BFD6 /* Main */ = {
			isa = PBXGroup;
			children = (
				03B47103214FD25C00F9B5CA /* Main.storyboard */,
				03F62A892039D79F004DBFB6 /* ViewController.swift */,
				03F62AB52039DAC5004DBFB6 /* humanCell.swift */,
				03F62ABB203A046A004DBFB6 /* PrintFacePowerViewController.swift */,
				03B47101214FCD8300F9B5CA /* PrintFacePower.storyboard */,
			);
			path = Main;
			sourceTree = "<group>";
		};
		038BCBD620AD48A400F5BFD6 /* Models */ = {
			isa = PBXGroup;
			children = (
				03F475AC205979D400EB31FA /* User.swift */,
				030F88FA20DA5A9B009A0657 /* NotificationItem.swift */,
				030F88FC20DA6207009A0657 /* Result.swift */,
				03F475AE20597BC700EB31FA /* AccountManager.swift */,
			);
			path = Models;
			sourceTree = "<group>";
		};
		03F62A7B2039D79F004DBFB6 = {
			isa = PBXGroup;
			children = (
				03F62A862039D79F004DBFB6 /* KaoSouou */,
				03F62A9B2039D7A0004DBFB6 /* KaoSououTests */,
				03F62AA62039D7A0004DBFB6 /* KaoSououUITests */,
				03F62A852039D79F004DBFB6 /* Products */,
				1CC697AC560E669A51726B49 /* Pods */,
				35988612591F850BB56B2BF1 /* Frameworks */,
			);
			sourceTree = "<group>";
		};
		03F62A852039D79F004DBFB6 /* Products */ = {
			isa = PBXGroup;
			children = (
				03F62A842039D79F004DBFB6 /* KaoSouou.app */,
				03F62A982039D7A0004DBFB6 /* KaoSououTests.xctest */,
				03F62AA32039D7A0004DBFB6 /* KaoSououUITests.xctest */,
			);
			name = Products;
			sourceTree = "<group>";
		};
		03F62A862039D79F004DBFB6 /* KaoSouou */ = {
			isa = PBXGroup;
			children = (
				031BAE5421BD06AB00F508F2 /* Assets.xcassets */,
				030F891220DD127F009A0657 /* KaoSouou.entitlements */,
				031BAE5621BD27F500F508F2 /* scrach.m4a */,
				03F62A872039D79F004DBFB6 /* AppDelegate.swift */,
				0360257A21D6B3E100D493F2 /* Onboard */,
				038BCBD620AD48A400F5BFD6 /* Models */,
				038BCBD420AD486900F5BFD6 /* Extention */,
				038BCBD520AD488600F5BFD6 /* Main */,
				038BCBD320AD484800F5BFD6 /* Mypage */,
				038BCBD220AD483700F5BFD6 /* TOP */,
				03782C4F20B0D641006D68EB /* GoogleService-Info.plist */,
				03F62A902039D79F004DBFB6 /* LaunchScreen.storyboard */,
				03F62A932039D79F004DBFB6 /* Info.plist */,
			);
			path = KaoSouou;
			sourceTree = "<group>";
		};
		03F62A9B2039D7A0004DBFB6 /* KaoSououTests */ = {
			isa = PBXGroup;
			children = (
				03F62A9C2039D7A0004DBFB6 /* KaoSououTests.swift */,
				03F62A9E2039D7A0004DBFB6 /* Info.plist */,
			);
			path = KaoSououTests;
			sourceTree = "<group>";
		};
		03F62AA62039D7A0004DBFB6 /* KaoSououUITests */ = {
			isa = PBXGroup;
			children = (
				03F62AA72039D7A0004DBFB6 /* KaoSououUITests.swift */,
				03F62AA92039D7A0004DBFB6 /* Info.plist */,
			);
			path = KaoSououUITests;
			sourceTree = "<group>";
		};
		1CC697AC560E669A51726B49 /* Pods */ = {
			isa = PBXGroup;
			children = (
				98736BC01AF95C42515CDC03 /* Pods-KaoSouou.debug.xcconfig */,
				6C63D11C4CCFB3A4997540E5 /* Pods-KaoSouou.release.xcconfig */,
				038AD143E5C7FEAB52D8BC19 /* Pods-KaoSououTests.debug.xcconfig */,
				60325CDA5FDACCA3362DD252 /* Pods-KaoSououTests.release.xcconfig */,
				730AE9DB94C9EFC4980F4E3D /* Pods-KaoSououUITests.debug.xcconfig */,
				4BF5E933EF9994F381348326 /* Pods-KaoSououUITests.release.xcconfig */,
			);
			name = Pods;
			sourceTree = "<group>";
		};
		35988612591F850BB56B2BF1 /* Frameworks */ = {
			isa = PBXGroup;
			children = (
				3502EABC7AAF83490A8B7BF1 /* Pods_KaoSouou.framework */,
				AAE4E3FA6F72DA14C5437229 /* Pods_KaoSououTests.framework */,
				0732268A3DA0AC913C8FF949 /* Pods_KaoSououUITests.framework */,
			);
			name = Frameworks;
			sourceTree = "<group>";
		};
/* End PBXGroup section */

/* Begin PBXNativeTarget section */
		03F62A832039D79F004DBFB6 /* KaoSouou */ = {
			isa = PBXNativeTarget;
			buildConfigurationList = 03F62AAC2039D7A0004DBFB6 /* Build configuration list for PBXNativeTarget "KaoSouou" */;
			buildPhases = (
				792EE6C7F5E59BD747E6CDD2 /* [CP] Check Pods Manifest.lock */,
				03F62A802039D79F004DBFB6 /* Sources */,
				03F62A812039D79F004DBFB6 /* Frameworks */,
				03F62A822039D79F004DBFB6 /* Resources */,
				A2D54A9A08412DF6FE6EE53F /* [CP] Embed Pods Frameworks */,
				94B1C43CDA69BEA0652804F3 /* [CP] Copy Pods Resources */,
			);
			buildRules = (
			);
			dependencies = (
			);
			name = KaoSouou;
			productName = KaoSouou;
			productReference = 03F62A842039D79F004DBFB6 /* KaoSouou.app */;
			productType = "com.apple.product-type.application";
		};
		03F62A972039D7A0004DBFB6 /* KaoSououTests */ = {
			isa = PBXNativeTarget;
			buildConfigurationList = 03F62AAF2039D7A0004DBFB6 /* Build configuration list for PBXNativeTarget "KaoSououTests" */;
			buildPhases = (
				EF6493BB69A3A9923D05B8C0 /* [CP] Check Pods Manifest.lock */,
				03F62A942039D7A0004DBFB6 /* Sources */,
				03F62A952039D7A0004DBFB6 /* Frameworks */,
				03F62A962039D7A0004DBFB6 /* Resources */,
			);
			buildRules = (
			);
			dependencies = (
				03F62A9A2039D7A0004DBFB6 /* PBXTargetDependency */,
			);
			name = KaoSououTests;
			productName = KaoSououTests;
			productReference = 03F62A982039D7A0004DBFB6 /* KaoSououTests.xctest */;
			productType = "com.apple.product-type.bundle.unit-test";
		};
		03F62AA22039D7A0004DBFB6 /* KaoSououUITests */ = {
			isa = PBXNativeTarget;
			buildConfigurationList = 03F62AB22039D7A0004DBFB6 /* Build configuration list for PBXNativeTarget "KaoSououUITests" */;
			buildPhases = (
				7BE68132FE7EE9D0EF4A9F39 /* [CP] Check Pods Manifest.lock */,
				03F62A9F2039D7A0004DBFB6 /* Sources */,
				03F62AA02039D7A0004DBFB6 /* Frameworks */,
				03F62AA12039D7A0004DBFB6 /* Resources */,
			);
			buildRules = (
			);
			dependencies = (
				03F62AA52039D7A0004DBFB6 /* PBXTargetDependency */,
			);
			name = KaoSououUITests;
			productName = KaoSououUITests;
			productReference = 03F62AA32039D7A0004DBFB6 /* KaoSououUITests.xctest */;
			productType = "com.apple.product-type.bundle.ui-testing";
		};
/* End PBXNativeTarget section */

/* Begin PBXProject section */
		03F62A7C2039D79F004DBFB6 /* Project object */ = {
			isa = PBXProject;
			attributes = {
				LastSwiftUpdateCheck = 0910;
				LastUpgradeCheck = 0910;
				ORGANIZATIONNAME = "Hiroki Taniguchi";
				TargetAttributes = {
					03F62A832039D79F004DBFB6 = {
						CreatedOnToolsVersion = 9.1;
						ProvisioningStyle = Automatic;
						SystemCapabilities = {
							com.apple.Push = {
								enabled = 1;
							};
						};
					};
					03F62A972039D7A0004DBFB6 = {
						CreatedOnToolsVersion = 9.1;
						ProvisioningStyle = Automatic;
						TestTargetID = 03F62A832039D79F004DBFB6;
					};
					03F62AA22039D7A0004DBFB6 = {
						CreatedOnToolsVersion = 9.1;
						ProvisioningStyle = Automatic;
						TestTargetID = 03F62A832039D79F004DBFB6;
					};
				};
			};
			buildConfigurationList = 03F62A7F2039D79F004DBFB6 /* Build configuration list for PBXProject "KaoSouou" */;
			compatibilityVersion = "Xcode 8.0";
			developmentRegion = en;
			hasScannedForEncodings = 0;
			knownRegions = (
				en,
				Base,
			);
			mainGroup = 03F62A7B2039D79F004DBFB6;
			productRefGroup = 03F62A852039D79F004DBFB6 /* Products */;
			projectDirPath = "";
			projectRoot = "";
			targets = (
				03F62A832039D79F004DBFB6 /* KaoSouou */,
				03F62A972039D7A0004DBFB6 /* KaoSououTests */,
				03F62AA22039D7A0004DBFB6 /* KaoSououUITests */,
			);
		};
/* End PBXProject section */

/* Begin PBXResourcesBuildPhase section */
		03F62A822039D79F004DBFB6 /* Resources */ = {
			isa = PBXResourcesBuildPhase;
			buildActionMask = 2147483647;
			files = (
				030F890520DA80F6009A0657 /* NotificationTableViewCell.xib in Resources */,
				03F62A922039D79F004DBFB6 /* LaunchScreen.storyboard in Resources */,
				031BAE5921C0D68400F508F2 /* BirthdaySelect.storyboard in Resources */,
				030F891120DB8192009A0657 /* ResultTableViewCell.xib in Resources */,
				03782C5020B0D641006D68EB /* GoogleService-Info.plist in Resources */,
				031BAE5721BD27F600F508F2 /* scrach.m4a in Resources */,
				031BAE5521BD06AB00F508F2 /* Assets.xcassets in Resources */,
				03F475A92059718800EB31FA /* Login.storyboard in Resources */,
				03B47102214FCD8300F9B5CA /* PrintFacePower.storyboard in Resources */,
				030F88FF20DA7BC5009A0657 /* NotificationList.storyboard in Resources */,
				03128C1121CBD0AB00D6E225 /* CustomOverlay.xib in Resources */,
				030F890B20DB814D009A0657 /* ResultList.storyboard in Resources */,
				031A956520D16537008F88D5 /* SetProfile.storyboard in Resources */,
				037999C521542926007FA359 /* LovedUserCell.xib in Resources */,
				030A56AB20B30D8D0021A693 /* GenderSelect.storyboard in Resources */,
				03B47104214FD25D00F9B5CA /* Main.storyboard in Resources */,
				03128C0E21CBD0AB00D6E225 /* CustomPage.xib in Resources */,
				03B47100214FCD3F00F9B5CA /* MyPage.storyboard in Resources */,
				03782C5220B1A7D1006D68EB /* Splash.storyboard in Resources */,
				03128C0F21CBD0AB00D6E225 /* Onboard.storyboard in Resources */,
				030526C721E8ACF100B57167 /* CustomFirstView.xib in Resources */,
				0366D9542152EF0900441C5F /* LoveUserList.storyboard in Resources */,
			);
			runOnlyForDeploymentPostprocessing = 0;
		};
		03F62A962039D7A0004DBFB6 /* Resources */ = {
			isa = PBXResourcesBuildPhase;
			buildActionMask = 2147483647;
			files = (
			);
			runOnlyForDeploymentPostprocessing = 0;
		};
		03F62AA12039D7A0004DBFB6 /* Resources */ = {
			isa = PBXResourcesBuildPhase;
			buildActionMask = 2147483647;
			files = (
			);
			runOnlyForDeploymentPostprocessing = 0;
		};
/* End PBXResourcesBuildPhase section */

/* Begin PBXShellScriptBuildPhase section */
		792EE6C7F5E59BD747E6CDD2 /* [CP] Check Pods Manifest.lock */ = {
			isa = PBXShellScriptBuildPhase;
			buildActionMask = 2147483647;
			files = (
			);
			inputPaths = (
				"${PODS_PODFILE_DIR_PATH}/Podfile.lock",
				"${PODS_ROOT}/Manifest.lock",
			);
			name = "[CP] Check Pods Manifest.lock";
			outputPaths = (
				"$(DERIVED_FILE_DIR)/Pods-KaoSouou-checkManifestLockResult.txt",
			);
			runOnlyForDeploymentPostprocessing = 0;
			shellPath = /bin/sh;
			shellScript = "diff \"${PODS_PODFILE_DIR_PATH}/Podfile.lock\" \"${PODS_ROOT}/Manifest.lock\" > /dev/null\nif [ $? != 0 ] ; then\n    # print error to STDERR\n    echo \"error: The sandbox is not in sync with the Podfile.lock. Run 'pod install' or update your CocoaPods installation.\" >&2\n    exit 1\nfi\n# This output is used by Xcode 'outputs' to avoid re-running this script phase.\necho \"SUCCESS\" > \"${SCRIPT_OUTPUT_FILE_0}\"\n";
			showEnvVarsInLog = 0;
		};
		7BE68132FE7EE9D0EF4A9F39 /* [CP] Check Pods Manifest.lock */ = {
			isa = PBXShellScriptBuildPhase;
			buildActionMask = 2147483647;
			files = (
			);
			inputPaths = (
				"${PODS_PODFILE_DIR_PATH}/Podfile.lock",
				"${PODS_ROOT}/Manifest.lock",
			);
			name = "[CP] Check Pods Manifest.lock";
			outputPaths = (
				"$(DERIVED_FILE_DIR)/Pods-KaoSououUITests-checkManifestLockResult.txt",
			);
			runOnlyForDeploymentPostprocessing = 0;
			shellPath = /bin/sh;
			shellScript = "diff \"${PODS_PODFILE_DIR_PATH}/Podfile.lock\" \"${PODS_ROOT}/Manifest.lock\" > /dev/null\nif [ $? != 0 ] ; then\n    # print error to STDERR\n    echo \"error: The sandbox is not in sync with the Podfile.lock. Run 'pod install' or update your CocoaPods installation.\" >&2\n    exit 1\nfi\n# This output is used by Xcode 'outputs' to avoid re-running this script phase.\necho \"SUCCESS\" > \"${SCRIPT_OUTPUT_FILE_0}\"\n";
			showEnvVarsInLog = 0;
		};
		94B1C43CDA69BEA0652804F3 /* [CP] Copy Pods Resources */ = {
			isa = PBXShellScriptBuildPhase;
			buildActionMask = 2147483647;
			files = (
			);
			inputPaths = (
				"${SRCROOT}/Pods/Target Support Files/Pods-KaoSouou/Pods-KaoSouou-resources.sh",
				"${PODS_ROOT}/TwitterKit/iOS/TwitterKit.framework/TwitterKitResources.bundle",
			);
			name = "[CP] Copy Pods Resources";
			outputPaths = (
				"${TARGET_BUILD_DIR}/${UNLOCALIZED_RESOURCES_FOLDER_PATH}/TwitterKitResources.bundle",
			);
			runOnlyForDeploymentPostprocessing = 0;
			shellPath = /bin/sh;
			shellScript = "\"${SRCROOT}/Pods/Target Support Files/Pods-KaoSouou/Pods-KaoSouou-resources.sh\"\n";
			showEnvVarsInLog = 0;
		};
		A2D54A9A08412DF6FE6EE53F /* [CP] Embed Pods Frameworks */ = {
			isa = PBXShellScriptBuildPhase;
			buildActionMask = 2147483647;
			files = (
			);
			inputPaths = (
				"${SRCROOT}/Pods/Target Support Files/Pods-KaoSouou/Pods-KaoSouou-frameworks.sh",
				"${BUILT_PRODUCTS_DIR}/ADDatePicker/ADDatePicker.framework",
				"${BUILT_PRODUCTS_DIR}/Bolts/Bolts.framework",
				"${BUILT_PRODUCTS_DIR}/BoringSSL/openssl.framework",
				"${BUILT_PRODUCTS_DIR}/DZNEmptyDataSet/DZNEmptyDataSet.framework",
				"${BUILT_PRODUCTS_DIR}/Device/Device.framework",
				"${BUILT_PRODUCTS_DIR}/FBSDKCoreKit/FBSDKCoreKit.framework",
				"${BUILT_PRODUCTS_DIR}/FBSDKLoginKit/FBSDKLoginKit.framework",
				"${BUILT_PRODUCTS_DIR}/FBSDKShareKit/FBSDKShareKit.framework",
				"${BUILT_PRODUCTS_DIR}/FacebookCore/FacebookCore.framework",
				"${BUILT_PRODUCTS_DIR}/FacebookLogin/FacebookLogin.framework",
				"${BUILT_PRODUCTS_DIR}/FacebookShare/FacebookShare.framework",
				"${BUILT_PRODUCTS_DIR}/FontAwesome.swift/FontAwesome_swift.framework",
				"${BUILT_PRODUCTS_DIR}/GTMSessionFetcher/GTMSessionFetcher.framework",
				"${BUILT_PRODUCTS_DIR}/GoogleUtilities/GoogleUtilities.framework",
				"${BUILT_PRODUCTS_DIR}/Kingfisher/Kingfisher.framework",
				"${BUILT_PRODUCTS_DIR}/MIBadgeButton-Swift/MIBadgeButton_Swift.framework",
				"${BUILT_PRODUCTS_DIR}/Protobuf/Protobuf.framework",
				"${BUILT_PRODUCTS_DIR}/RSKImageCropper/RSKImageCropper.framework",
				"${BUILT_PRODUCTS_DIR}/SVProgressHUD/SVProgressHUD.framework",
				"${BUILT_PRODUCTS_DIR}/SwiftDate/SwiftDate.framework",
				"${BUILT_PRODUCTS_DIR}/SwiftyJSON/SwiftyJSON.framework",
				"${BUILT_PRODUCTS_DIR}/SwiftyOnboard/SwiftyOnboard.framework",
				"${BUILT_PRODUCTS_DIR}/TTTAttributedLabel/TTTAttributedLabel.framework",
				"${PODS_ROOT}/TwitterCore/iOS/TwitterCore.framework",
				"${PODS_ROOT}/TwitterKit/iOS/TwitterKit.framework",
				"${BUILT_PRODUCTS_DIR}/gRPC/GRPCClient.framework",
				"${BUILT_PRODUCTS_DIR}/gRPC-C++/grpcpp.framework",
				"${BUILT_PRODUCTS_DIR}/gRPC-Core/grpc.framework",
				"${BUILT_PRODUCTS_DIR}/gRPC-ProtoRPC/ProtoRPC.framework",
				"${BUILT_PRODUCTS_DIR}/gRPC-RxLibrary/RxLibrary.framework",
				"${BUILT_PRODUCTS_DIR}/leveldb-library/leveldb.framework",
				"${BUILT_PRODUCTS_DIR}/nanopb/nanopb.framework",
			);
			name = "[CP] Embed Pods Frameworks";
			outputPaths = (
				"${TARGET_BUILD_DIR}/${FRAMEWORKS_FOLDER_PATH}/ADDatePicker.framework",
				"${TARGET_BUILD_DIR}/${FRAMEWORKS_FOLDER_PATH}/Bolts.framework",
				"${TARGET_BUILD_DIR}/${FRAMEWORKS_FOLDER_PATH}/openssl.framework",
				"${TARGET_BUILD_DIR}/${FRAMEWORKS_FOLDER_PATH}/DZNEmptyDataSet.framework",
				"${TARGET_BUILD_DIR}/${FRAMEWORKS_FOLDER_PATH}/Device.framework",
				"${TARGET_BUILD_DIR}/${FRAMEWORKS_FOLDER_PATH}/FBSDKCoreKit.framework",
				"${TARGET_BUILD_DIR}/${FRAMEWORKS_FOLDER_PATH}/FBSDKLoginKit.framework",
				"${TARGET_BUILD_DIR}/${FRAMEWORKS_FOLDER_PATH}/FBSDKShareKit.framework",
				"${TARGET_BUILD_DIR}/${FRAMEWORKS_FOLDER_PATH}/FacebookCore.framework",
				"${TARGET_BUILD_DIR}/${FRAMEWORKS_FOLDER_PATH}/FacebookLogin.framework",
				"${TARGET_BUILD_DIR}/${FRAMEWORKS_FOLDER_PATH}/FacebookShare.framework",
				"${TARGET_BUILD_DIR}/${FRAMEWORKS_FOLDER_PATH}/FontAwesome_swift.framework",
				"${TARGET_BUILD_DIR}/${FRAMEWORKS_FOLDER_PATH}/GTMSessionFetcher.framework",
				"${TARGET_BUILD_DIR}/${FRAMEWORKS_FOLDER_PATH}/GoogleUtilities.framework",
				"${TARGET_BUILD_DIR}/${FRAMEWORKS_FOLDER_PATH}/Kingfisher.framework",
				"${TARGET_BUILD_DIR}/${FRAMEWORKS_FOLDER_PATH}/MIBadgeButton_Swift.framework",
				"${TARGET_BUILD_DIR}/${FRAMEWORKS_FOLDER_PATH}/Protobuf.framework",
				"${TARGET_BUILD_DIR}/${FRAMEWORKS_FOLDER_PATH}/RSKImageCropper.framework",
				"${TARGET_BUILD_DIR}/${FRAMEWORKS_FOLDER_PATH}/SVProgressHUD.framework",
				"${TARGET_BUILD_DIR}/${FRAMEWORKS_FOLDER_PATH}/SwiftDate.framework",
				"${TARGET_BUILD_DIR}/${FRAMEWORKS_FOLDER_PATH}/SwiftyJSON.framework",
				"${TARGET_BUILD_DIR}/${FRAMEWORKS_FOLDER_PATH}/SwiftyOnboard.framework",
				"${TARGET_BUILD_DIR}/${FRAMEWORKS_FOLDER_PATH}/TTTAttributedLabel.framework",
				"${TARGET_BUILD_DIR}/${FRAMEWORKS_FOLDER_PATH}/TwitterCore.framework",
				"${TARGET_BUILD_DIR}/${FRAMEWORKS_FOLDER_PATH}/TwitterKit.framework",
				"${TARGET_BUILD_DIR}/${FRAMEWORKS_FOLDER_PATH}/GRPCClient.framework",
				"${TARGET_BUILD_DIR}/${FRAMEWORKS_FOLDER_PATH}/grpcpp.framework",
				"${TARGET_BUILD_DIR}/${FRAMEWORKS_FOLDER_PATH}/grpc.framework",
				"${TARGET_BUILD_DIR}/${FRAMEWORKS_FOLDER_PATH}/ProtoRPC.framework",
				"${TARGET_BUILD_DIR}/${FRAMEWORKS_FOLDER_PATH}/RxLibrary.framework",
				"${TARGET_BUILD_DIR}/${FRAMEWORKS_FOLDER_PATH}/leveldb.framework",
				"${TARGET_BUILD_DIR}/${FRAMEWORKS_FOLDER_PATH}/nanopb.framework",
			);
			runOnlyForDeploymentPostprocessing = 0;
			shellPath = /bin/sh;
			shellScript = "\"${SRCROOT}/Pods/Target Support Files/Pods-KaoSouou/Pods-KaoSouou-frameworks.sh\"\n";
			showEnvVarsInLog = 0;
		};
		EF6493BB69A3A9923D05B8C0 /* [CP] Check Pods Manifest.lock */ = {
			isa = PBXShellScriptBuildPhase;
			buildActionMask = 2147483647;
			files = (
			);
			inputPaths = (
				"${PODS_PODFILE_DIR_PATH}/Podfile.lock",
				"${PODS_ROOT}/Manifest.lock",
			);
			name = "[CP] Check Pods Manifest.lock";
			outputPaths = (
				"$(DERIVED_FILE_DIR)/Pods-KaoSououTests-checkManifestLockResult.txt",
			);
			runOnlyForDeploymentPostprocessing = 0;
			shellPath = /bin/sh;
			shellScript = "diff \"${PODS_PODFILE_DIR_PATH}/Podfile.lock\" \"${PODS_ROOT}/Manifest.lock\" > /dev/null\nif [ $? != 0 ] ; then\n    # print error to STDERR\n    echo \"error: The sandbox is not in sync with the Podfile.lock. Run 'pod install' or update your CocoaPods installation.\" >&2\n    exit 1\nfi\n# This output is used by Xcode 'outputs' to avoid re-running this script phase.\necho \"SUCCESS\" > \"${SCRIPT_OUTPUT_FILE_0}\"\n";
			showEnvVarsInLog = 0;
		};
/* End PBXShellScriptBuildPhase section */

/* Begin PBXSourcesBuildPhase section */
		03F62A802039D79F004DBFB6 /* Sources */ = {
			isa = PBXSourcesBuildPhase;
			buildActionMask = 2147483647;
			files = (
				030F890420DA80F6009A0657 /* NotificationTableViewCell.swift in Sources */,
				030A56AD20B30D990021A693 /* GenderSelectViewController.swift in Sources */,
				031A956320D16519008F88D5 /* SetProfileViewController.swift in Sources */,
				030F890D20DB816C009A0657 /* ResultListViewController.swift in Sources */,
				030F88FD20DA6207009A0657 /* Result.swift in Sources */,
				03F475AB205971EE00EB31FA /* LoginViewController.swift in Sources */,
				03F62AB82039DAF9004DBFB6 /* UICollectionView+Extension.swift in Sources */,
				030F890920DAC676009A0657 /* Date+Extension.swift in Sources */,
				030F890120DA7BD3009A0657 /* NotificationListViewController.swift in Sources */,
				031BAE5B21C0D69400F508F2 /* BirthdaySelectViewController.swift in Sources */,
				03F62ABC203A046A004DBFB6 /* PrintFacePowerViewController.swift in Sources */,
				03782C5420B1A80A006D68EB /* SplashViewController.swift in Sources */,
				03F62A8A2039D79F004DBFB6 /* ViewController.swift in Sources */,
				03F475AD205979D400EB31FA /* User.swift in Sources */,
				030526C521E8AC9E00B57167 /* CustomFirstView.swift in Sources */,
				030F890720DA8160009A0657 /* UITableView+Extension.swift in Sources */,
				031A956720D16CD8008F88D5 /* Extention.swift in Sources */,
				038BCBD820AD4E2700F5BFD6 /* Array+Extention.swift in Sources */,
				030179C820A09A65002800F8 /* MyPageViewController.swift in Sources */,
				03F475AF20597BC700EB31FA /* AccountManager.swift in Sources */,
				0366D9562152EF2800441C5F /* LoveUserListViewController.swift in Sources */,
				03128C1221CBD0AB00D6E225 /* OnboardViewController.swift in Sources */,
				03128C1021CBD0AB00D6E225 /* CustomPage.swift in Sources */,
				031A956120D1562B008F88D5 /* RootViewController.swift in Sources */,
				03128C1321CBD0AB00D6E225 /* CustomOverlay.swift in Sources */,
				03F62ABA2039DB34004DBFB6 /* NSObjectProtocol+Extension.swift in Sources */,
				03F62A882039D79F004DBFB6 /* AppDelegate.swift in Sources */,
				037999C421542926007FA359 /* LovedUserCell.swift in Sources */,
				031A956920D538E5008F88D5 /* UIImageView+Extension.swift in Sources */,
				03F62AB62039DAC5004DBFB6 /* humanCell.swift in Sources */,
				030F891020DB8192009A0657 /* ResultTableViewCell.swift in Sources */,
				030F88FB20DA5A9B009A0657 /* NotificationItem.swift in Sources */,
			);
			runOnlyForDeploymentPostprocessing = 0;
		};
		03F62A942039D7A0004DBFB6 /* Sources */ = {
			isa = PBXSourcesBuildPhase;
			buildActionMask = 2147483647;
			files = (
				03F62A9D2039D7A0004DBFB6 /* KaoSououTests.swift in Sources */,
			);
			runOnlyForDeploymentPostprocessing = 0;
		};
		03F62A9F2039D7A0004DBFB6 /* Sources */ = {
			isa = PBXSourcesBuildPhase;
			buildActionMask = 2147483647;
			files = (
				03F62AA82039D7A0004DBFB6 /* KaoSououUITests.swift in Sources */,
			);
			runOnlyForDeploymentPostprocessing = 0;
		};
/* End PBXSourcesBuildPhase section */

/* Begin PBXTargetDependency section */
		03F62A9A2039D7A0004DBFB6 /* PBXTargetDependency */ = {
			isa = PBXTargetDependency;
			target = 03F62A832039D79F004DBFB6 /* KaoSouou */;
			targetProxy = 03F62A992039D7A0004DBFB6 /* PBXContainerItemProxy */;
		};
		03F62AA52039D7A0004DBFB6 /* PBXTargetDependency */ = {
			isa = PBXTargetDependency;
			target = 03F62A832039D79F004DBFB6 /* KaoSouou */;
			targetProxy = 03F62AA42039D7A0004DBFB6 /* PBXContainerItemProxy */;
		};
/* End PBXTargetDependency section */

/* Begin PBXVariantGroup section */
		03F62A902039D79F004DBFB6 /* LaunchScreen.storyboard */ = {
			isa = PBXVariantGroup;
			children = (
				03F62A912039D79F004DBFB6 /* Base */,
			);
			name = LaunchScreen.storyboard;
			sourceTree = "<group>";
		};
/* End PBXVariantGroup section */

/* Begin XCBuildConfiguration section */
		03F62AAA2039D7A0004DBFB6 /* Debug */ = {
			isa = XCBuildConfiguration;
			buildSettings = {
				ALWAYS_SEARCH_USER_PATHS = NO;
				CLANG_ANALYZER_NONNULL = YES;
				CLANG_ANALYZER_NUMBER_OBJECT_CONVERSION = YES_AGGRESSIVE;
				CLANG_CXX_LANGUAGE_STANDARD = "gnu++14";
				CLANG_CXX_LIBRARY = "libc++";
				CLANG_ENABLE_MODULES = YES;
				CLANG_ENABLE_OBJC_ARC = YES;
				CLANG_WARN_BLOCK_CAPTURE_AUTORELEASING = YES;
				CLANG_WARN_BOOL_CONVERSION = YES;
				CLANG_WARN_COMMA = YES;
				CLANG_WARN_CONSTANT_CONVERSION = YES;
				CLANG_WARN_DIRECT_OBJC_ISA_USAGE = YES_ERROR;
				CLANG_WARN_DOCUMENTATION_COMMENTS = YES;
				CLANG_WARN_EMPTY_BODY = YES;
				CLANG_WARN_ENUM_CONVERSION = YES;
				CLANG_WARN_INFINITE_RECURSION = YES;
				CLANG_WARN_INT_CONVERSION = YES;
				CLANG_WARN_NON_LITERAL_NULL_CONVERSION = YES;
				CLANG_WARN_OBJC_LITERAL_CONVERSION = YES;
				CLANG_WARN_OBJC_ROOT_CLASS = YES_ERROR;
				CLANG_WARN_RANGE_LOOP_ANALYSIS = YES;
				CLANG_WARN_STRICT_PROTOTYPES = YES;
				CLANG_WARN_SUSPICIOUS_MOVE = YES;
				CLANG_WARN_UNGUARDED_AVAILABILITY = YES_AGGRESSIVE;
				CLANG_WARN_UNREACHABLE_CODE = YES;
				CLANG_WARN__DUPLICATE_METHOD_MATCH = YES;
				CODE_SIGN_IDENTITY = "iPhone Developer";
				COPY_PHASE_STRIP = NO;
				DEBUG_INFORMATION_FORMAT = dwarf;
				ENABLE_STRICT_OBJC_MSGSEND = YES;
				ENABLE_TESTABILITY = YES;
				GCC_C_LANGUAGE_STANDARD = gnu11;
				GCC_DYNAMIC_NO_PIC = NO;
				GCC_NO_COMMON_BLOCKS = YES;
				GCC_OPTIMIZATION_LEVEL = 0;
				GCC_PREPROCESSOR_DEFINITIONS = (
					"DEBUG=1",
					"$(inherited)",
				);
				GCC_WARN_64_TO_32_BIT_CONVERSION = YES;
				GCC_WARN_ABOUT_RETURN_TYPE = YES_ERROR;
				GCC_WARN_UNDECLARED_SELECTOR = YES;
				GCC_WARN_UNINITIALIZED_AUTOS = YES_AGGRESSIVE;
				GCC_WARN_UNUSED_FUNCTION = YES;
				GCC_WARN_UNUSED_VARIABLE = YES;
				IPHONEOS_DEPLOYMENT_TARGET = 11.1;
				MTL_ENABLE_DEBUG_INFO = YES;
				ONLY_ACTIVE_ARCH = YES;
				SDKROOT = iphoneos;
				SWIFT_ACTIVE_COMPILATION_CONDITIONS = DEBUG;
				SWIFT_OPTIMIZATION_LEVEL = "-Onone";
			};
			name = Debug;
		};
		03F62AAB2039D7A0004DBFB6 /* Release */ = {
			isa = XCBuildConfiguration;
			buildSettings = {
				ALWAYS_SEARCH_USER_PATHS = NO;
				CLANG_ANALYZER_NONNULL = YES;
				CLANG_ANALYZER_NUMBER_OBJECT_CONVERSION = YES_AGGRESSIVE;
				CLANG_CXX_LANGUAGE_STANDARD = "gnu++14";
				CLANG_CXX_LIBRARY = "libc++";
				CLANG_ENABLE_MODULES = YES;
				CLANG_ENABLE_OBJC_ARC = YES;
				CLANG_WARN_BLOCK_CAPTURE_AUTORELEASING = YES;
				CLANG_WARN_BOOL_CONVERSION = YES;
				CLANG_WARN_COMMA = YES;
				CLANG_WARN_CONSTANT_CONVERSION = YES;
				CLANG_WARN_DIRECT_OBJC_ISA_USAGE = YES_ERROR;
				CLANG_WARN_DOCUMENTATION_COMMENTS = YES;
				CLANG_WARN_EMPTY_BODY = YES;
				CLANG_WARN_ENUM_CONVERSION = YES;
				CLANG_WARN_INFINITE_RECURSION = YES;
				CLANG_WARN_INT_CONVERSION = YES;
				CLANG_WARN_NON_LITERAL_NULL_CONVERSION = YES;
				CLANG_WARN_OBJC_LITERAL_CONVERSION = YES;
				CLANG_WARN_OBJC_ROOT_CLASS = YES_ERROR;
				CLANG_WARN_RANGE_LOOP_ANALYSIS = YES;
				CLANG_WARN_STRICT_PROTOTYPES = YES;
				CLANG_WARN_SUSPICIOUS_MOVE = YES;
				CLANG_WARN_UNGUARDED_AVAILABILITY = YES_AGGRESSIVE;
				CLANG_WARN_UNREACHABLE_CODE = YES;
				CLANG_WARN__DUPLICATE_METHOD_MATCH = YES;
				CODE_SIGN_IDENTITY = "iPhone Developer";
				COPY_PHASE_STRIP = NO;
				DEBUG_INFORMATION_FORMAT = "dwarf-with-dsym";
				ENABLE_NS_ASSERTIONS = NO;
				ENABLE_STRICT_OBJC_MSGSEND = YES;
				GCC_C_LANGUAGE_STANDARD = gnu11;
				GCC_NO_COMMON_BLOCKS = YES;
				GCC_WARN_64_TO_32_BIT_CONVERSION = YES;
				GCC_WARN_ABOUT_RETURN_TYPE = YES_ERROR;
				GCC_WARN_UNDECLARED_SELECTOR = YES;
				GCC_WARN_UNINITIALIZED_AUTOS = YES_AGGRESSIVE;
				GCC_WARN_UNUSED_FUNCTION = YES;
				GCC_WARN_UNUSED_VARIABLE = YES;
				IPHONEOS_DEPLOYMENT_TARGET = 11.1;
				MTL_ENABLE_DEBUG_INFO = NO;
				SDKROOT = iphoneos;
				SWIFT_OPTIMIZATION_LEVEL = "-Owholemodule";
				VALIDATE_PRODUCT = YES;
			};
			name = Release;
		};
		03F62AAD2039D7A0004DBFB6 /* Debug */ = {
			isa = XCBuildConfiguration;
			baseConfigurationReference = 98736BC01AF95C42515CDC03 /* Pods-KaoSouou.debug.xcconfig */;
			buildSettings = {
				ASSETCATALOG_COMPILER_APPICON_NAME = AppIcon;
				CODE_SIGN_ENTITLEMENTS = KaoSouou/KaoSouou.entitlements;
				CODE_SIGN_IDENTITY = "iPhone Developer";
				CODE_SIGN_STYLE = Automatic;
				DEVELOPMENT_TEAM = 48KBV2T232;
				INFOPLIST_FILE = KaoSouou/Info.plist;
				IPHONEOS_DEPLOYMENT_TARGET = 11.0;
				LD_RUNPATH_SEARCH_PATHS = "$(inherited) @executable_path/Frameworks";
				PRODUCT_BUNDLE_IDENTIFIER = Bocchi.KaoSouou;
				PRODUCT_NAME = "$(TARGET_NAME)";
				PROVISIONING_PROFILE_SPECIFIER = "";
				SWIFT_VERSION = 4.0;
				TARGETED_DEVICE_FAMILY = 1;
			};
			name = Debug;
		};
		03F62AAE2039D7A0004DBFB6 /* Release */ = {
			isa = XCBuildConfiguration;
			baseConfigurationReference = 6C63D11C4CCFB3A4997540E5 /* Pods-KaoSouou.release.xcconfig */;
			buildSettings = {
				ASSETCATALOG_COMPILER_APPICON_NAME = AppIcon;
				CODE_SIGN_ENTITLEMENTS = KaoSouou/KaoSouou.entitlements;
				CODE_SIGN_IDENTITY = "iPhone Developer";
				CODE_SIGN_STYLE = Automatic;
				DEVELOPMENT_TEAM = 48KBV2T232;
				INFOPLIST_FILE = KaoSouou/Info.plist;
				IPHONEOS_DEPLOYMENT_TARGET = 11.0;
				LD_RUNPATH_SEARCH_PATHS = "$(inherited) @executable_path/Frameworks";
				PRODUCT_BUNDLE_IDENTIFIER = Bocchi.KaoSouou;
				PRODUCT_NAME = "$(TARGET_NAME)";
				PROVISIONING_PROFILE_SPECIFIER = "";
				SWIFT_VERSION = 4.0;
				TARGETED_DEVICE_FAMILY = 1;
			};
			name = Release;
		};
		03F62AB02039D7A0004DBFB6 /* Debug */ = {
			isa = XCBuildConfiguration;
			baseConfigurationReference = 038AD143E5C7FEAB52D8BC19 /* Pods-KaoSououTests.debug.xcconfig */;
			buildSettings = {
				ALWAYS_EMBED_SWIFT_STANDARD_LIBRARIES = YES;
				BUNDLE_LOADER = "$(TEST_HOST)";
				CODE_SIGN_STYLE = Automatic;
				DEVELOPMENT_TEAM = 48KBV2T232;
				INFOPLIST_FILE = KaoSououTests/Info.plist;
				LD_RUNPATH_SEARCH_PATHS = "$(inherited) @executable_path/Frameworks @loader_path/Frameworks";
				PRODUCT_BUNDLE_IDENTIFIER = Bocchi.KaoSououTests;
				PRODUCT_NAME = "$(TARGET_NAME)";
				SWIFT_VERSION = 4.0;
				TARGETED_DEVICE_FAMILY = "1,2";
				TEST_HOST = "$(BUILT_PRODUCTS_DIR)/KaoSouou.app/KaoSouou";
			};
			name = Debug;
		};
		03F62AB12039D7A0004DBFB6 /* Release */ = {
			isa = XCBuildConfiguration;
			baseConfigurationReference = 60325CDA5FDACCA3362DD252 /* Pods-KaoSououTests.release.xcconfig */;
			buildSettings = {
				ALWAYS_EMBED_SWIFT_STANDARD_LIBRARIES = YES;
				BUNDLE_LOADER = "$(TEST_HOST)";
				CODE_SIGN_STYLE = Automatic;
				DEVELOPMENT_TEAM = 48KBV2T232;
				INFOPLIST_FILE = KaoSououTests/Info.plist;
				LD_RUNPATH_SEARCH_PATHS = "$(inherited) @executable_path/Frameworks @loader_path/Frameworks";
				PRODUCT_BUNDLE_IDENTIFIER = Bocchi.KaoSououTests;
				PRODUCT_NAME = "$(TARGET_NAME)";
				SWIFT_VERSION = 4.0;
				TARGETED_DEVICE_FAMILY = "1,2";
				TEST_HOST = "$(BUILT_PRODUCTS_DIR)/KaoSouou.app/KaoSouou";
			};
			name = Release;
		};
		03F62AB32039D7A0004DBFB6 /* Debug */ = {
			isa = XCBuildConfiguration;
			baseConfigurationReference = 730AE9DB94C9EFC4980F4E3D /* Pods-KaoSououUITests.debug.xcconfig */;
			buildSettings = {
				ALWAYS_EMBED_SWIFT_STANDARD_LIBRARIES = YES;
				CODE_SIGN_STYLE = Automatic;
				DEVELOPMENT_TEAM = 48KBV2T232;
				INFOPLIST_FILE = KaoSououUITests/Info.plist;
				LD_RUNPATH_SEARCH_PATHS = "$(inherited) @executable_path/Frameworks @loader_path/Frameworks";
				PRODUCT_BUNDLE_IDENTIFIER = Bocchi.KaoSououUITests;
				PRODUCT_NAME = "$(TARGET_NAME)";
				SWIFT_VERSION = 4.0;
				TARGETED_DEVICE_FAMILY = "1,2";
				TEST_TARGET_NAME = KaoSouou;
			};
			name = Debug;
		};
		03F62AB42039D7A0004DBFB6 /* Release */ = {
			isa = XCBuildConfiguration;
			baseConfigurationReference = 4BF5E933EF9994F381348326 /* Pods-KaoSououUITests.release.xcconfig */;
			buildSettings = {
				ALWAYS_EMBED_SWIFT_STANDARD_LIBRARIES = YES;
				CODE_SIGN_STYLE = Automatic;
				DEVELOPMENT_TEAM = 48KBV2T232;
				INFOPLIST_FILE = KaoSououUITests/Info.plist;
				LD_RUNPATH_SEARCH_PATHS = "$(inherited) @executable_path/Frameworks @loader_path/Frameworks";
				PRODUCT_BUNDLE_IDENTIFIER = Bocchi.KaoSououUITests;
				PRODUCT_NAME = "$(TARGET_NAME)";
				SWIFT_VERSION = 4.0;
				TARGETED_DEVICE_FAMILY = "1,2";
				TEST_TARGET_NAME = KaoSouou;
			};
			name = Release;
		};
/* End XCBuildConfiguration section */

/* Begin XCConfigurationList section */
		03F62A7F2039D79F004DBFB6 /* Build configuration list for PBXProject "KaoSouou" */ = {
			isa = XCConfigurationList;
			buildConfigurations = (
				03F62AAA2039D7A0004DBFB6 /* Debug */,
				03F62AAB2039D7A0004DBFB6 /* Release */,
			);
			defaultConfigurationIsVisible = 0;
			defaultConfigurationName = Release;
		};
		03F62AAC2039D7A0004DBFB6 /* Build configuration list for PBXNativeTarget "KaoSouou" */ = {
			isa = XCConfigurationList;
			buildConfigurations = (
				03F62AAD2039D7A0004DBFB6 /* Debug */,
				03F62AAE2039D7A0004DBFB6 /* Release */,
			);
			defaultConfigurationIsVisible = 0;
			defaultConfigurationName = Release;
		};
		03F62AAF2039D7A0004DBFB6 /* Build configuration list for PBXNativeTarget "KaoSououTests" */ = {
			isa = XCConfigurationList;
			buildConfigurations = (
				03F62AB02039D7A0004DBFB6 /* Debug */,
				03F62AB12039D7A0004DBFB6 /* Release */,
			);
			defaultConfigurationIsVisible = 0;
			defaultConfigurationName = Release;
		};
		03F62AB22039D7A0004DBFB6 /* Build configuration list for PBXNativeTarget "KaoSououUITests" */ = {
			isa = XCConfigurationList;
			buildConfigurations = (
				03F62AB32039D7A0004DBFB6 /* Debug */,
				03F62AB42039D7A0004DBFB6 /* Release */,
			);
			defaultConfigurationIsVisible = 0;
			defaultConfigurationName = Release;
		};
/* End XCConfigurationList section */
	};
	rootObject = 03F62A7C2039D79F004DBFB6 /* Project object */;
}
